<?xml version="1.0" encoding="utf-8"?>
<Project ToolsVersion="4.0" xmlns="http://schemas.microsoft.com/developer/msbuild/2003">
  <ItemGroup>
    <Filter Include="Source Files">
      <UniqueIdentifier>{4FC737F1-C7A5-4376-A066-2A32D752A2FF}</UniqueIdentifier>
      <Extensions>cpp;c;cc;cxx;c++;cppm;ixx;def;odl;idl;hpj;bat;asm;asmx</Extensions>
    </Filter>
    <Filter Include="Header Files">
      <UniqueIdentifier>{93995380-89BD-4b04-88EB-625FBE52EBFB}</UniqueIdentifier>
      <Extensions>h;hh;hpp;hxx;h++;hm;inl;inc;ipp;xsd</Extensions>
    </Filter>
    <Filter Include="Resource Files">
      <UniqueIdentifier>{67DA6AB6-F800-4c08-8B7A-83BB121AAD01}</UniqueIdentifier>
      <Extensions>rc;ico;cur;bmp;dlg;rc2;rct;bin;rgs;gif;jpg;jpeg;jpe;resx;tiff;tif;png;wav;mfcribbon-ms</Extensions>
    </Filter>
    <Filter Include="Source Files\Utils">
      <UniqueIdentifier>{2a8f7eef-c24f-469e-8b26-84685722bec5}</UniqueIdentifier>
    </Filter>
    <Filter Include="Source Files\proto-buffers">
      <UniqueIdentifier>{55f894b8-fb57-46a6-a37d-c3e09317c5df}</UniqueIdentifier>
    </Filter>
    <Filter Include="Source Files\Api">
      <UniqueIdentifier>{2d6c614e-72e4-4661-925c-6cc1fbcbbc57}</UniqueIdentifier>
    </Filter>
    <Filter Include="Source Files\Api\generated">
      <UniqueIdentifier>{fb26ecb8-3ae9-4d46-8473-b9dfd1930e1e}</UniqueIdentifier>
    </Filter>
  </ItemGroup>
  <ItemGroup>
    <ClCompile Include="src\main.cpp">
      <Filter>Source Files</Filter>
    </ClCompile>
    <ClCompile Include="src\Utils\UtilsModule.cpp">
      <Filter>Source Files\Utils</Filter>
    </ClCompile>
    <ClCompile Include="src\utils\Screen.cpp">
      <Filter>Source Files\Utils</Filter>
    </ClCompile>
    <ClCompile Include="src\Api\ApiModule.cpp">
      <Filter>Source Files\Api</Filter>
    </ClCompile>
    <ClCompile Include="src\Api\RpcServer.cpp">
      <Filter>Source Files\Api</Filter>
    </ClCompile>
    <ClCompile Include="src\Api\UserGreetingsRpcService.cpp">
      <Filter>Source Files\Api</Filter>
    </ClCompile>
    <ClCompile Include="src\Api\generated\UserGreetingsRpcService.grpc.pb.cc">
      <Filter>Source Files\Api\generated</Filter>
    </ClCompile>
    <ClCompile Include="src\Api\generated\UserGreetingsRpcService.pb.cc">
      <Filter>Source Files\Api\generated</Filter>
    </ClCompile>
  </ItemGroup>
  <ItemGroup>
    <None Include="vcpkg-configuration.json" />
    <None Include="vcpkg.json" />
    <None Include="src\proto-buffers\UserGreetingsRpcService.proto">
      <Filter>Source Files\proto-buffers</Filter>
    </None>
    <None Include="generate-proto-buffers-code.bat" />
    <None Include="src\Api\generated\Readme.md">
      <Filter>Source Files\Api\generated</Filter>
    </None>
  </ItemGroup>
  <ItemGroup>
    <ClInclude Include="src\Api\generated\UserGreetingsRpcService.grpc.pb.h">
      <Filter>Source Files\Api\generated</Filter>
    </ClInclude>
    <ClInclude Include="src\Api\generated\UserGreetingsRpcService.pb.h">
      <Filter>Source Files\Api\generated</Filter>
    </ClInclude>
  </ItemGroup>
</Project>